
Microsoft Visual Studio Solution File, Format Version 12.00
# Visual Studio Version 17
VisualStudioVersion = 17.11.35431.28
MinimumVisualStudioVersion = 10.0.40219.1
Project("{FAE04EC0-301F-11D3-BF4B-00C04F79EFBC}") = "Menu_strip_kullanimi", "Menu_strip_kullanimi\Menu_strip_kullanimi.csproj", "{C0981BD5-D31A-4258-B6F4-F78D5F84FFB4}"
EndProject
Global
	GlobalSection(SolutionConfigurationPlatforms) = preSolution
		Debug|Any CPU = Debug|Any CPU
		Release|Any CPU = Release|Any CPU
	EndGlobalSection
	GlobalSection(ProjectConfigurationPlatforms) = postSolution
		{C0981BD5-D31A-4258-B6F4-F78D5F84FFB4}.Debug|Any CPU.ActiveCfg = Debug|Any CPU
		{C0981BD5-D31A-4258-B6F4-F78D5F84FFB4}.Debug|Any CPU.Build.0 = Debug|Any CPU
		{C0981BD5-D31A-4258-B6F4-F78D5F84FFB4}.Release|Any CPU.ActiveCfg = Release|Any CPU
		{C0981BD5-D31A-4258-B6F4-F78D5F84FFB4}.Release|Any CPU.Build.0 = Release|Any CPU
	EndGlobalSection
	GlobalSection(SolutionProperties) = preSolution
		HideSolutionNode = FALSE
	EndGlobalSection
	GlobalSection(ExtensibilityGlobals) = postSolution
		SolutionGuid = {65691C4B-2FCF-436E-AB06-51563A042060}
	EndGlobalSection
EndGlobal
